
Microsoft Visual Studio Solution File, Format Version 12.00
# Visual Studio Version 17
VisualStudioVersion = 17.0.31903.59
MinimumVisualStudioVersion = 10.0.40219.1
Project("{FAE04EC0-301F-11D3-BF4B-00C04F79EFBC}") = "CLEAN.DOMAIN", "CLEAN.DOMAIN\CLEAN.DOMAIN.csproj", "{E5E68C95-6814-40BD-91B4-29BEC24C018D}"
EndProject
Project("{FAE04EC0-301F-11D3-BF4B-00C04F79EFBC}") = "CLEAN.APPLICATION", "CLEAN.APPLICATION\CLEAN.APPLICATION.csproj", "{D01CC9E7-7B4D-4C79-9A93-6EB8B2D3F190}"
EndProject
Project("{FAE04EC0-301F-11D3-BF4B-00C04F79EFBC}") = "CLEAN.INFRASTRUCTURE", "CLEAN.INFRASTRUCTURE\CLEAN.INFRASTRUCTURE.csproj", "{A0DEEFD4-18CC-4E21-A23F-A96CDF845371}"
EndProject
Project("{FAE04EC0-301F-11D3-BF4B-00C04F79EFBC}") = "CLEAN.API", "CLEAN.API\CLEAN.API.csproj", "{10B57D50-D278-4CF4-90B4-82E82166A878}"
EndProject
Global
	GlobalSection(SolutionConfigurationPlatforms) = preSolution
		Debug|Any CPU = Debug|Any CPU
		Debug|x64 = Debug|x64
		Debug|x86 = Debug|x86
		Release|Any CPU = Release|Any CPU
		Release|x64 = Release|x64
		Release|x86 = Release|x86
	EndGlobalSection
	GlobalSection(ProjectConfigurationPlatforms) = postSolution
		{E5E68C95-6814-40BD-91B4-29BEC24C018D}.Debug|Any CPU.ActiveCfg = Debug|Any CPU
		{E5E68C95-6814-40BD-91B4-29BEC24C018D}.Debug|Any CPU.Build.0 = Debug|Any CPU
		{E5E68C95-6814-40BD-91B4-29BEC24C018D}.Debug|x64.ActiveCfg = Debug|Any CPU
		{E5E68C95-6814-40BD-91B4-29BEC24C018D}.Debug|x64.Build.0 = Debug|Any CPU
		{E5E68C95-6814-40BD-91B4-29BEC24C018D}.Debug|x86.ActiveCfg = Debug|Any CPU
		{E5E68C95-6814-40BD-91B4-29BEC24C018D}.Debug|x86.Build.0 = Debug|Any CPU
		{E5E68C95-6814-40BD-91B4-29BEC24C018D}.Release|Any CPU.ActiveCfg = Release|Any CPU
		{E5E68C95-6814-40BD-91B4-29BEC24C018D}.Release|Any CPU.Build.0 = Release|Any CPU
		{E5E68C95-6814-40BD-91B4-29BEC24C018D}.Release|x64.ActiveCfg = Release|Any CPU
		{E5E68C95-6814-40BD-91B4-29BEC24C018D}.Release|x64.Build.0 = Release|Any CPU
		{E5E68C95-6814-40BD-91B4-29BEC24C018D}.Release|x86.ActiveCfg = Release|Any CPU
		{E5E68C95-6814-40BD-91B4-29BEC24C018D}.Release|x86.Build.0 = Release|Any CPU
		{D01CC9E7-7B4D-4C79-9A93-6EB8B2D3F190}.Debug|Any CPU.ActiveCfg = Debug|Any CPU
		{D01CC9E7-7B4D-4C79-9A93-6EB8B2D3F190}.Debug|Any CPU.Build.0 = Debug|Any CPU
		{D01CC9E7-7B4D-4C79-9A93-6EB8B2D3F190}.Debug|x64.ActiveCfg = Debug|Any CPU
		{D01CC9E7-7B4D-4C79-9A93-6EB8B2D3F190}.Debug|x64.Build.0 = Debug|Any CPU
		{D01CC9E7-7B4D-4C79-9A93-6EB8B2D3F190}.Debug|x86.ActiveCfg = Debug|Any CPU
		{D01CC9E7-7B4D-4C79-9A93-6EB8B2D3F190}.Debug|x86.Build.0 = Debug|Any CPU
		{D01CC9E7-7B4D-4C79-9A93-6EB8B2D3F190}.Release|Any CPU.ActiveCfg = Release|Any CPU
		{D01CC9E7-7B4D-4C79-9A93-6EB8B2D3F190}.Release|Any CPU.Build.0 = Release|Any CPU
		{D01CC9E7-7B4D-4C79-9A93-6EB8B2D3F190}.Release|x64.ActiveCfg = Release|Any CPU
		{D01CC9E7-7B4D-4C79-9A93-6EB8B2D3F190}.Release|x64.Build.0 = Release|Any CPU
		{D01CC9E7-7B4D-4C79-9A93-6EB8B2D3F190}.Release|x86.ActiveCfg = Release|Any CPU
		{D01CC9E7-7B4D-4C79-9A93-6EB8B2D3F190}.Release|x86.Build.0 = Release|Any CPU
		{A0DEEFD4-18CC-4E21-A23F-A96CDF845371}.Debug|Any CPU.ActiveCfg = Debug|Any CPU
		{A0DEEFD4-18CC-4E21-A23F-A96CDF845371}.Debug|Any CPU.Build.0 = Debug|Any CPU
		{A0DEEFD4-18CC-4E21-A23F-A96CDF845371}.Debug|x64.ActiveCfg = Debug|Any CPU
		{A0DEEFD4-18CC-4E21-A23F-A96CDF845371}.Debug|x64.Build.0 = Debug|Any CPU
		{A0DEEFD4-18CC-4E21-A23F-A96CDF845371}.Debug|x86.ActiveCfg = Debug|Any CPU
		{A0DEEFD4-18CC-4E21-A23F-A96CDF845371}.Debug|x86.Build.0 = Debug|Any CPU
		{A0DEEFD4-18CC-4E21-A23F-A96CDF845371}.Release|Any CPU.ActiveCfg = Release|Any CPU
		{A0DEEFD4-18CC-4E21-A23F-A96CDF845371}.Release|Any CPU.Build.0 = Release|Any CPU
		{A0DEEFD4-18CC-4E21-A23F-A96CDF845371}.Release|x64.ActiveCfg = Release|Any CPU
		{A0DEEFD4-18CC-4E21-A23F-A96CDF845371}.Release|x64.Build.0 = Release|Any CPU
		{A0DEEFD4-18CC-4E21-A23F-A96CDF845371}.Release|x86.ActiveCfg = Release|Any CPU
		{A0DEEFD4-18CC-4E21-A23F-A96CDF845371}.Release|x86.Build.0 = Release|Any CPU
		{10B57D50-D278-4CF4-90B4-82E82166A878}.Debug|Any CPU.ActiveCfg = Debug|Any CPU
		{10B57D50-D278-4CF4-90B4-82E82166A878}.Debug|Any CPU.Build.0 = Debug|Any CPU
		{10B57D50-D278-4CF4-90B4-82E82166A878}.Debug|x64.ActiveCfg = Debug|Any CPU
		{10B57D50-D278-4CF4-90B4-82E82166A878}.Debug|x64.Build.0 = Debug|Any CPU
		{10B57D50-D278-4CF4-90B4-82E82166A878}.Debug|x86.ActiveCfg = Debug|Any CPU
		{10B57D50-D278-4CF4-90B4-82E82166A878}.Debug|x86.Build.0 = Debug|Any CPU
		{10B57D50-D278-4CF4-90B4-82E82166A878}.Release|Any CPU.ActiveCfg = Release|Any CPU
		{10B57D50-D278-4CF4-90B4-82E82166A878}.Release|Any CPU.Build.0 = Release|Any CPU
		{10B57D50-D278-4CF4-90B4-82E82166A878}.Release|x64.ActiveCfg = Release|Any CPU
		{10B57D50-D278-4CF4-90B4-82E82166A878}.Release|x64.Build.0 = Release|Any CPU
		{10B57D50-D278-4CF4-90B4-82E82166A878}.Release|x86.ActiveCfg = Release|Any CPU
		{10B57D50-D278-4CF4-90B4-82E82166A878}.Release|x86.Build.0 = Release|Any CPU
	EndGlobalSection
	GlobalSection(SolutionProperties) = preSolution
		HideSolutionNode = FALSE
	EndGlobalSection
EndGlobal
